Microsoft Visual Studio Solution File, Format Version 12.00
# Visual Studio Version 17
VisualStudioVersion = 17.5.2.0
MinimumVisualStudioVersion = 10.0.40219.1
Project("{FAE04EC0-301F-11D3-BF4B-00C04F79EFBC}") = "1brc-cs", "1brc-cs.csproj", "{321C3121-665A-00E6-E6C3-21860E264663}"
EndProject
Global
	GlobalSection(SolutionConfigurationPlatforms) = preSolution
		Debug|Any CPU = Debug|Any CPU
		Release|Any CPU = Release|Any CPU
	EndGlobalSection
	GlobalSection(ProjectConfigurationPlatforms) = postSolution
		{321C3121-665A-00E6-E6C3-21860E264663}.Debug|Any CPU.ActiveCfg = Debug|Any CPU
		{321C3121-665A-00E6-E6C3-21860E264663}.Debug|Any CPU.Build.0 = Debug|Any CPU
		{321C3121-665A-00E6-E6C3-21860E264663}.Release|Any CPU.ActiveCfg = Release|Any CPU
		{321C3121-665A-00E6-E6C3-21860E264663}.Release|Any CPU.Build.0 = Release|Any CPU
	EndGlobalSection
	GlobalSection(SolutionProperties) = preSolution
		HideSolutionNode = FALSE
	EndGlobalSection
	GlobalSection(ExtensibilityGlobals) = postSolution
		SolutionGuid = {2C6782E8-231A-4F02-8B46-5FF06EF565BA}
	EndGlobalSection
EndGlobal
